
Microsoft Visual Studio Solution File, Format Version 12.00
# Visual Studio Version 17
VisualStudioVersion = 17.4.33205.214
MinimumVisualStudioVersion = 10.0.40219.1
Project("{FAE04EC0-301F-11D3-BF4B-00C04F79EFBC}") = "breadstoreApp", "breadstoreApp\breadstoreApp.csproj", "{D30A7581-3874-44FE-A66A-3B4D1366F33F}"
EndProject
Global
	GlobalSection(SolutionConfigurationPlatforms) = preSolution
		Debug|Any CPU = Debug|Any CPU
		Release|Any CPU = Release|Any CPU
	EndGlobalSection
	GlobalSection(ProjectConfigurationPlatforms) = postSolution
		{D30A7581-3874-44FE-A66A-3B4D1366F33F}.Debug|Any CPU.ActiveCfg = Debug|Any CPU
		{D30A7581-3874-44FE-A66A-3B4D1366F33F}.Debug|Any CPU.Build.0 = Debug|Any CPU
		{D30A7581-3874-44FE-A66A-3B4D1366F33F}.Release|Any CPU.ActiveCfg = Release|Any CPU
		{D30A7581-3874-44FE-A66A-3B4D1366F33F}.Release|Any CPU.Build.0 = Release|Any CPU
	EndGlobalSection
	GlobalSection(SolutionProperties) = preSolution
		HideSolutionNode = FALSE
	EndGlobalSection
	GlobalSection(ExtensibilityGlobals) = postSolution
		SolutionGuid = {00DA3C9B-2BE2-467B-9F54-6DEE17B70662}
	EndGlobalSection
EndGlobal
